
Microsoft Visual Studio Solution File, Format Version 12.00
# Visual Studio 15
VisualStudioVersion = 15.0.28307.1022
MinimumVisualStudioVersion = 10.0.40219.1
Project("{FAE04EC0-301F-11D3-BF4B-00C04F79EFBC}") = "MM lab 2", "MM lab 2\MM lab 2.csproj", "{EE9B7FA8-1B24-4B7C-ABDB-28C45601883D}"
EndProject
Global
	GlobalSection(SolutionConfigurationPlatforms) = preSolution
		Debug|Any CPU = Debug|Any CPU
		Release|Any CPU = Release|Any CPU
	EndGlobalSection
	GlobalSection(ProjectConfigurationPlatforms) = postSolution
		{EE9B7FA8-1B24-4B7C-ABDB-28C45601883D}.Debug|Any CPU.ActiveCfg = Debug|Any CPU
		{EE9B7FA8-1B24-4B7C-ABDB-28C45601883D}.Debug|Any CPU.Build.0 = Debug|Any CPU
		{EE9B7FA8-1B24-4B7C-ABDB-28C45601883D}.Release|Any CPU.ActiveCfg = Release|Any CPU
		{EE9B7FA8-1B24-4B7C-ABDB-28C45601883D}.Release|Any CPU.Build.0 = Release|Any CPU
	EndGlobalSection
	GlobalSection(SolutionProperties) = preSolution
		HideSolutionNode = FALSE
	EndGlobalSection
	GlobalSection(ExtensibilityGlobals) = postSolution
		SolutionGuid = {F803B3F1-2DE6-440B-AA91-84A48C5FF4A6}
	EndGlobalSection
EndGlobal
