
Microsoft Visual Studio Solution File, Format Version 12.00
# Visual Studio 15
VisualStudioVersion = 15.0.28307.1022
MinimumVisualStudioVersion = 10.0.40219.1
Project("{FAE04EC0-301F-11D3-BF4B-00C04F79EFBC}") = "MM lab 3", "MM lab 3\MM lab 3.csproj", "{CA05939F-2A32-4C33-8A18-612E2E98FAFC}"
EndProject
Global
	GlobalSection(SolutionConfigurationPlatforms) = preSolution
		Debug|Any CPU = Debug|Any CPU
		Release|Any CPU = Release|Any CPU
	EndGlobalSection
	GlobalSection(ProjectConfigurationPlatforms) = postSolution
		{CA05939F-2A32-4C33-8A18-612E2E98FAFC}.Debug|Any CPU.ActiveCfg = Debug|Any CPU
		{CA05939F-2A32-4C33-8A18-612E2E98FAFC}.Debug|Any CPU.Build.0 = Debug|Any CPU
		{CA05939F-2A32-4C33-8A18-612E2E98FAFC}.Release|Any CPU.ActiveCfg = Release|Any CPU
		{CA05939F-2A32-4C33-8A18-612E2E98FAFC}.Release|Any CPU.Build.0 = Release|Any CPU
	EndGlobalSection
	GlobalSection(SolutionProperties) = preSolution
		HideSolutionNode = FALSE
	EndGlobalSection
	GlobalSection(ExtensibilityGlobals) = postSolution
		SolutionGuid = {7FC74A09-3109-4EBA-8D6C-0F5470907D64}
	EndGlobalSection
EndGlobal
